
Microsoft Visual Studio Solution File, Format Version 12.00
# Visual Studio Version 17
VisualStudioVersion = 17.7.34202.233
MinimumVisualStudioVersion = 10.0.40219.1
Project("{FAE04EC0-301F-11D3-BF4B-00C04F79EFBC}") = "content_warning_recover", "content_warning_recover.csproj", "{0235FD81-EB75-41F3-8F86-6C85DBEA560B}"
EndProject
Global
	GlobalSection(SolutionConfigurationPlatforms) = preSolution
		Debug|Any CPU = Debug|Any CPU
		Release|Any CPU = Release|Any CPU
	EndGlobalSection
	GlobalSection(ProjectConfigurationPlatforms) = postSolution
		{0235FD81-EB75-41F3-8F86-6C85DBEA560B}.Debug|Any CPU.ActiveCfg = Debug|Any CPU
		{0235FD81-EB75-41F3-8F86-6C85DBEA560B}.Debug|Any CPU.Build.0 = Debug|Any CPU
		{0235FD81-EB75-41F3-8F86-6C85DBEA560B}.Release|Any CPU.ActiveCfg = Release|Any CPU
		{0235FD81-EB75-41F3-8F86-6C85DBEA560B}.Release|Any CPU.Build.0 = Release|Any CPU
	EndGlobalSection
	GlobalSection(SolutionProperties) = preSolution
		HideSolutionNode = FALSE
	EndGlobalSection
	GlobalSection(ExtensibilityGlobals) = postSolution
		SolutionGuid = {69537806-439B-476E-BFC7-682EBD3E9DF9}
	EndGlobalSection
EndGlobal
